
Microsoft Visual Studio Solution File, Format Version 12.00
# Visual Studio 15
VisualStudioVersion = 15.0.28307.168
MinimumVisualStudioVersion = 10.0.40219.1
Project("{FAE04EC0-301F-11D3-BF4B-00C04F79EFBC}") = "BottlesOfBeer", "BottlesOfBeer\BottlesOfBeer.csproj", "{6E5955DF-2351-4323-8604-EB10DEF0666A}"
EndProject
Global
	GlobalSection(SolutionConfigurationPlatforms) = preSolution
		Debug|Any CPU = Debug|Any CPU
		Release|Any CPU = Release|Any CPU
	EndGlobalSection
	GlobalSection(ProjectConfigurationPlatforms) = postSolution
		{6E5955DF-2351-4323-8604-EB10DEF0666A}.Debug|Any CPU.ActiveCfg = Debug|Any CPU
		{6E5955DF-2351-4323-8604-EB10DEF0666A}.Debug|Any CPU.Build.0 = Debug|Any CPU
		{6E5955DF-2351-4323-8604-EB10DEF0666A}.Release|Any CPU.ActiveCfg = Release|Any CPU
		{6E5955DF-2351-4323-8604-EB10DEF0666A}.Release|Any CPU.Build.0 = Release|Any CPU
	EndGlobalSection
	GlobalSection(SolutionProperties) = preSolution
		HideSolutionNode = FALSE
	EndGlobalSection
	GlobalSection(ExtensibilityGlobals) = postSolution
		SolutionGuid = {564958CF-9864-4BDE-823F-5D5EF7BD15A3}
	EndGlobalSection
EndGlobal
